// !$*UTF8*$!
{
	archiveVersion = 1;
	classes = {
	};
	objectVersion = 77;
	objects = {

/* Begin PBXBuildFile section */
		7387171CA033DDE86615EB37 /* awsconfiguration.json in Resources */ = {isa = PBXBuildFile; fileRef = 5D9A799EFB4F81F3F3D802D7 /* awsconfiguration.json */; };
		AFD06F84BED74181AFBDDF97 /* amplifyconfiguration.json in Resources */ = {isa = PBXBuildFile; fileRef = E74E57E7B631713F34BF1260 /* amplifyconfiguration.json */; };
		EAF406512D8FB72900669CA0 /* AWSAPIPlugin in Frameworks */ = {isa = PBXBuildFile; productRef = EAF406502D8FB72900669CA0 /* AWSAPIPlugin */; };
		EAF406532D8FB72900669CA0 /* AWSCloudWatchLoggingPlugin in Frameworks */ = {isa = PBXBuildFile; productRef = EAF406522D8FB72900669CA0 /* AWSCloudWatchLoggingPlugin */; };
		EAF406552D8FB72900669CA0 /* AWSCognitoAuthPlugin in Frameworks */ = {isa = PBXBuildFile; productRef = EAF406542D8FB72900669CA0 /* AWSCognitoAuthPlugin */; };
		EAF406572D8FB72900669CA0 /* AWSDataStorePlugin in Frameworks */ = {isa = PBXBuildFile; productRef = EAF406562D8FB72900669CA0 /* AWSDataStorePlugin */; };
		EAF406592D8FB72900669CA0 /* AWSLocationGeoPlugin in Frameworks */ = {isa = PBXBuildFile; productRef = EAF406582D8FB72900669CA0 /* AWSLocationGeoPlugin */; };
/* End PBXBuildFile section */

/* Begin PBXContainerItemProxy section */
		EA9E546C2D8F97A3008E2C91 /* PBXContainerItemProxy */ = {
			isa = PBXContainerItemProxy;
			containerPortal = EA9E54532D8F97A2008E2C91 /* Project object */;
			proxyType = 1;
			remoteGlobalIDString = EA9E545A2D8F97A2008E2C91;
			remoteInfo = Luminarily;
		};
		EA9E54762D8F97A3008E2C91 /* PBXContainerItemProxy */ = {
			isa = PBXContainerItemProxy;
			containerPortal = EA9E54532D8F97A2008E2C91 /* Project object */;
			proxyType = 1;
			remoteGlobalIDString = EA9E545A2D8F97A2008E2C91;
			remoteInfo = Luminarily;
		};
/* End PBXContainerItemProxy section */

/* Begin PBXFileReference section */
		5D9A799EFB4F81F3F3D802D7 /* awsconfiguration.json */ = {isa = PBXFileReference; explicitFileType = text.json; path = awsconfiguration.json; sourceTree = "<group>"; };
		E74E57E7B631713F34BF1260 /* amplifyconfiguration.json */ = {isa = PBXFileReference; explicitFileType = text.json; path = amplifyconfiguration.json; sourceTree = "<group>"; };
		EA9E545B2D8F97A2008E2C91 /* Luminarily.app */ = {isa = PBXFileReference; explicitFileType = wrapper.application; includeInIndex = 0; path = Luminarily.app; sourceTree = BUILT_PRODUCTS_DIR; };
		EA9E546B2D8F97A3008E2C91 /* LuminarilyTests.xctest */ = {isa = PBXFileReference; explicitFileType = wrapper.cfbundle; includeInIndex = 0; path = LuminarilyTests.xctest; sourceTree = BUILT_PRODUCTS_DIR; };
		EA9E54752D8F97A3008E2C91 /* LuminarilyUITests.xctest */ = {isa = PBXFileReference; explicitFileType = wrapper.cfbundle; includeInIndex = 0; path = LuminarilyUITests.xctest; sourceTree = BUILT_PRODUCTS_DIR; };
/* End PBXFileReference section */

/* Begin PBXFileSystemSynchronizedRootGroup section */
		EA9E545D2D8F97A2008E2C91 /* Luminarily */ = {
			isa = PBXFileSystemSynchronizedRootGroup;
			path = Luminarily;
			sourceTree = "<group>";
		};
		EA9E546E2D8F97A3008E2C91 /* LuminarilyTests */ = {
			isa = PBXFileSystemSynchronizedRootGroup;
			path = LuminarilyTests;
			sourceTree = "<group>";
		};
		EA9E54782D8F97A3008E2C91 /* LuminarilyUITests */ = {
			isa = PBXFileSystemSynchronizedRootGroup;
			path = LuminarilyUITests;
			sourceTree = "<group>";
		};
/* End PBXFileSystemSynchronizedRootGroup section */

/* Begin PBXFrameworksBuildPhase section */
		EA9E54582D8F97A2008E2C91 /* Frameworks */ = {
			isa = PBXFrameworksBuildPhase;
			buildActionMask = 2147483647;
			files = (
				EAF406512D8FB72900669CA0 /* AWSAPIPlugin in Frameworks */,
				EAF406592D8FB72900669CA0 /* AWSLocationGeoPlugin in Frameworks */,
				EAF406532D8FB72900669CA0 /* AWSCloudWatchLoggingPlugin in Frameworks */,
				EAF406552D8FB72900669CA0 /* AWSCognitoAuthPlugin in Frameworks */,
				EAF406572D8FB72900669CA0 /* AWSDataStorePlugin in Frameworks */,
			);
			runOnlyForDeploymentPostprocessing = 0;
		};
		EA9E54682D8F97A3008E2C91 /* Frameworks */ = {
			isa = PBXFrameworksBuildPhase;
			buildActionMask = 2147483647;
			files = (
			);
			runOnlyForDeploymentPostprocessing = 0;
		};
		EA9E54722D8F97A3008E2C91 /* Frameworks */ = {
			isa = PBXFrameworksBuildPhase;
			buildActionMask = 2147483647;
			files = (
			);
			runOnlyForDeploymentPostprocessing = 0;
		};
/* End PBXFrameworksBuildPhase section */

/* Begin PBXGroup section */
		EA9E54522D8F97A2008E2C91 = {
			isa = PBXGroup;
			children = (
				EA9E545D2D8F97A2008E2C91 /* Luminarily */,
				EA9E546E2D8F97A3008E2C91 /* LuminarilyTests */,
				EA9E54782D8F97A3008E2C91 /* LuminarilyUITests */,
				EA9E545C2D8F97A2008E2C91 /* Products */,
				F5D763A643FD540A86047A2C /* AmplifyConfig */,
			);
			sourceTree = "<group>";
		};
		EA9E545C2D8F97A2008E2C91 /* Products */ = {
			isa = PBXGroup;
			children = (
				EA9E545B2D8F97A2008E2C91 /* Luminarily.app */,
				EA9E546B2D8F97A3008E2C91 /* LuminarilyTests.xctest */,
				EA9E54752D8F97A3008E2C91 /* LuminarilyUITests.xctest */,
			);
			name = Products;
			sourceTree = "<group>";
		};
		F5D763A643FD540A86047A2C /* AmplifyConfig */ = {
			isa = PBXGroup;
			children = (
				5D9A799EFB4F81F3F3D802D7 /* awsconfiguration.json */,
				E74E57E7B631713F34BF1260 /* amplifyconfiguration.json */,
			);
			name = AmplifyConfig;
			sourceTree = "<group>";
		};
/* End PBXGroup section */

/* Begin PBXNativeTarget section */
		EA9E545A2D8F97A2008E2C91 /* Luminarily */ = {
			isa = PBXNativeTarget;
			buildConfigurationList = EA9E547F2D8F97A3008E2C91 /* Build configuration list for PBXNativeTarget "Luminarily" */;
			buildPhases = (
				EA9E54572D8F97A2008E2C91 /* Sources */,
				EA9E54582D8F97A2008E2C91 /* Frameworks */,
				EA9E54592D8F97A2008E2C91 /* Resources */,
			);
			buildRules = (
			);
			dependencies = (
			);
			fileSystemSynchronizedGroups = (
				EA9E545D2D8F97A2008E2C91 /* Luminarily */,
			);
			name = Luminarily;
			packageProductDependencies = (
				EAF406502D8FB72900669CA0 /* AWSAPIPlugin */,
				EAF406522D8FB72900669CA0 /* AWSCloudWatchLoggingPlugin */,
				EAF406542D8FB72900669CA0 /* AWSCognitoAuthPlugin */,
				EAF406562D8FB72900669CA0 /* AWSDataStorePlugin */,
				EAF406582D8FB72900669CA0 /* AWSLocationGeoPlugin */,
			);
			productName = Luminarily;
			productReference = EA9E545B2D8F97A2008E2C91 /* Luminarily.app */;
			productType = "com.apple.product-type.application";
		};
		EA9E546A2D8F97A3008E2C91 /* LuminarilyTests */ = {
			isa = PBXNativeTarget;
			buildConfigurationList = EA9E54822D8F97A3008E2C91 /* Build configuration list for PBXNativeTarget "LuminarilyTests" */;
			buildPhases = (
				EA9E54672D8F97A3008E2C91 /* Sources */,
				EA9E54682D8F97A3008E2C91 /* Frameworks */,
				EA9E54692D8F97A3008E2C91 /* Resources */,
			);
			buildRules = (
			);
			dependencies = (
				EA9E546D2D8F97A3008E2C91 /* PBXTargetDependency */,
			);
			fileSystemSynchronizedGroups = (
				EA9E546E2D8F97A3008E2C91 /* LuminarilyTests */,
			);
			name = LuminarilyTests;
			packageProductDependencies = (
			);
			productName = LuminarilyTests;
			productReference = EA9E546B2D8F97A3008E2C91 /* LuminarilyTests.xctest */;
			productType = "com.apple.product-type.bundle.unit-test";
		};
		EA9E54742D8F97A3008E2C91 /* LuminarilyUITests */ = {
			isa = PBXNativeTarget;
			buildConfigurationList = EA9E54852D8F97A3008E2C91 /* Build configuration list for PBXNativeTarget "LuminarilyUITests" */;
			buildPhases = (
				EA9E54712D8F97A3008E2C91 /* Sources */,
				EA9E54722D8F97A3008E2C91 /* Frameworks */,
				EA9E54732D8F97A3008E2C91 /* Resources */,
			);
			buildRules = (
			);
			dependencies = (
				EA9E54772D8F97A3008E2C91 /* PBXTargetDependency */,
			);
			fileSystemSynchronizedGroups = (
				EA9E54782D8F97A3008E2C91 /* LuminarilyUITests */,
			);
			name = LuminarilyUITests;
			packageProductDependencies = (
			);
			productName = LuminarilyUITests;
			productReference = EA9E54752D8F97A3008E2C91 /* LuminarilyUITests.xctest */;
			productType = "com.apple.product-type.bundle.ui-testing";
		};
/* End PBXNativeTarget section */

/* Begin PBXProject section */
		EA9E54532D8F97A2008E2C91 /* Project object */ = {
			isa = PBXProject;
			attributes = {
				BuildIndependentTargetsInParallel = 1;
				LastSwiftUpdateCheck = 1620;
				LastUpgradeCheck = 1620;
				TargetAttributes = {
					EA9E545A2D8F97A2008E2C91 = {
						CreatedOnToolsVersion = 16.2;
					};
					EA9E546A2D8F97A3008E2C91 = {
						CreatedOnToolsVersion = 16.2;
						TestTargetID = EA9E545A2D8F97A2008E2C91;
					};
					EA9E54742D8F97A3008E2C91 = {
						CreatedOnToolsVersion = 16.2;
						TestTargetID = EA9E545A2D8F97A2008E2C91;
					};
				};
			};
			buildConfigurationList = EA9E54562D8F97A2008E2C91 /* Build configuration list for PBXProject "Luminarily" */;
			developmentRegion = en;
			hasScannedForEncodings = 0;
			knownRegions = (
				en,
				Base,
			);
			mainGroup = EA9E54522D8F97A2008E2C91;
			minimizedProjectReferenceProxies = 1;
			packageReferences = (
				EAF4064F2D8FB72900669CA0 /* XCRemoteSwiftPackageReference "amplify-ios" */,
			);
			preferredProjectObjectVersion = 77;
			productRefGroup = EA9E545C2D8F97A2008E2C91 /* Products */;
			projectDirPath = "";
			projectRoot = "";
			targets = (
				EA9E545A2D8F97A2008E2C91 /* Luminarily */,
				EA9E546A2D8F97A3008E2C91 /* LuminarilyTests */,
				EA9E54742D8F97A3008E2C91 /* LuminarilyUITests */,
			);
		};
/* End PBXProject section */

/* Begin PBXResourcesBuildPhase section */
		EA9E54592D8F97A2008E2C91 /* Resources */ = {
			isa = PBXResourcesBuildPhase;
			buildActionMask = 2147483647;
			files = (
				7387171CA033DDE86615EB37 /* awsconfiguration.json in Resources */,
				AFD06F84BED74181AFBDDF97 /* amplifyconfiguration.json in Resources */,
			);
			runOnlyForDeploymentPostprocessing = 0;
		};
		EA9E54692D8F97A3008E2C91 /* Resources */ = {
			isa = PBXResourcesBuildPhase;
			buildActionMask = 2147483647;
			files = (
			);
			runOnlyForDeploymentPostprocessing = 0;
		};
		EA9E54732D8F97A3008E2C91 /* Resources */ = {
			isa = PBXResourcesBuildPhase;
			buildActionMask = 2147483647;
			files = (
			);
			runOnlyForDeploymentPostprocessing = 0;
		};
/* End PBXResourcesBuildPhase section */

/* Begin PBXSourcesBuildPhase section */
		EA9E54572D8F97A2008E2C91 /* Sources */ = {
			isa = PBXSourcesBuildPhase;
			buildActionMask = 2147483647;
			files = (
			);
			runOnlyForDeploymentPostprocessing = 0;
		};
		EA9E54672D8F97A3008E2C91 /* Sources */ = {
			isa = PBXSourcesBuildPhase;
			buildActionMask = 2147483647;
			files = (
			);
			runOnlyForDeploymentPostprocessing = 0;
		};
		EA9E54712D8F97A3008E2C91 /* Sources */ = {
			isa = PBXSourcesBuildPhase;
			buildActionMask = 2147483647;
			files = (
			);
			runOnlyForDeploymentPostprocessing = 0;
		};
/* End PBXSourcesBuildPhase section */

/* Begin PBXTargetDependency section */
		EA9E546D2D8F97A3008E2C91 /* PBXTargetDependency */ = {
			isa = PBXTargetDependency;
			target = EA9E545A2D8F97A2008E2C91 /* Luminarily */;
			targetProxy = EA9E546C2D8F97A3008E2C91 /* PBXContainerItemProxy */;
		};
		EA9E54772D8F97A3008E2C91 /* PBXTargetDependency */ = {
			isa = PBXTargetDependency;
			target = EA9E545A2D8F97A2008E2C91 /* Luminarily */;
			targetProxy = EA9E54762D8F97A3008E2C91 /* PBXContainerItemProxy */;
		};
/* End PBXTargetDependency section */

/* Begin XCBuildConfiguration section */
		EA9E547D2D8F97A3008E2C91 /* Debug */ = {
			isa = XCBuildConfiguration;
			buildSettings = {
				ALWAYS_SEARCH_USER_PATHS = NO;
				ASSETCATALOG_COMPILER_GENERATE_SWIFT_ASSET_SYMBOL_EXTENSIONS = YES;
				CLANG_ANALYZER_NONNULL = YES;
				CLANG_ANALYZER_NUMBER_OBJECT_CONVERSION = YES_AGGRESSIVE;
				CLANG_CXX_LANGUAGE_STANDARD = "gnu++20";
				CLANG_ENABLE_MODULES = YES;
				CLANG_ENABLE_OBJC_ARC = YES;
				CLANG_ENABLE_OBJC_WEAK = YES;
				CLANG_WARN_BLOCK_CAPTURE_AUTORELEASING = YES;
				CLANG_WARN_BOOL_CONVERSION = YES;
				CLANG_WARN_COMMA = YES;
				CLANG_WARN_CONSTANT_CONVERSION = YES;
				CLANG_WARN_DEPRECATED_OBJC_IMPLEMENTATIONS = YES;
				CLANG_WARN_DIRECT_OBJC_ISA_USAGE = YES_ERROR;
				CLANG_WARN_DOCUMENTATION_COMMENTS = YES;
				CLANG_WARN_EMPTY_BODY = YES;
				CLANG_WARN_ENUM_CONVERSION = YES;
				CLANG_WARN_INFINITE_RECURSION = YES;
				CLANG_WARN_INT_CONVERSION = YES;
				CLANG_WARN_NON_LITERAL_NULL_CONVERSION = YES;
				CLANG_WARN_OBJC_IMPLICIT_RETAIN_SELF = YES;
				CLANG_WARN_OBJC_LITERAL_CONVERSION = YES;
				CLANG_WARN_OBJC_ROOT_CLASS = YES_ERROR;
				CLANG_WARN_QUOTED_INCLUDE_IN_FRAMEWORK_HEADER = YES;
				CLANG_WARN_RANGE_LOOP_ANALYSIS = YES;
				CLANG_WARN_STRICT_PROTOTYPES = YES;
				CLANG_WARN_SUSPICIOUS_MOVE = YES;
				CLANG_WARN_UNGUARDED_AVAILABILITY = YES_AGGRESSIVE;
				CLANG_WARN_UNREACHABLE_CODE = YES;
				CLANG_WARN__DUPLICATE_METHOD_MATCH = YES;
				COPY_PHASE_STRIP = NO;
				DEBUG_INFORMATION_FORMAT = dwarf;
				ENABLE_STRICT_OBJC_MSGSEND = YES;
				ENABLE_TESTABILITY = YES;
				ENABLE_USER_SCRIPT_SANDBOXING = YES;
				GCC_C_LANGUAGE_STANDARD = gnu17;
				GCC_DYNAMIC_NO_PIC = NO;
				GCC_NO_COMMON_BLOCKS = YES;
				GCC_OPTIMIZATION_LEVEL = 0;
				GCC_PREPROCESSOR_DEFINITIONS = (
					"DEBUG=1",
					"$(inherited)",
				);
				GCC_WARN_64_TO_32_BIT_CONVERSION = YES;
				GCC_WARN_ABOUT_RETURN_TYPE = YES_ERROR;
				GCC_WARN_UNDECLARED_SELECTOR = YES;
				GCC_WARN_UNINITIALIZED_AUTOS = YES_AGGRESSIVE;
				GCC_WARN_UNUSED_FUNCTION = YES;
				GCC_WARN_UNUSED_VARIABLE = YES;
				IPHONEOS_DEPLOYMENT_TARGET = 18.2;
				LOCALIZATION_PREFERS_STRING_CATALOGS = YES;
				MTL_ENABLE_DEBUG_INFO = INCLUDE_SOURCE;
				MTL_FAST_MATH = YES;
				ONLY_ACTIVE_ARCH = YES;
				SDKROOT = iphoneos;
				SWIFT_ACTIVE_COMPILATION_CONDITIONS = "DEBUG $(inherited)";
				SWIFT_OPTIMIZATION_LEVEL = "-Onone";
			};
			name = Debug;
		};
		EA9E547E2D8F97A3008E2C91 /* Release */ = {
			isa = XCBuildConfiguration;
			buildSettings = {
				ALWAYS_SEARCH_USER_PATHS = NO;
				ASSETCATALOG_COMPILER_GENERATE_SWIFT_ASSET_SYMBOL_EXTENSIONS = YES;
				CLANG_ANALYZER_NONNULL = YES;
				CLANG_ANALYZER_NUMBER_OBJECT_CONVERSION = YES_AGGRESSIVE;
				CLANG_CXX_LANGUAGE_STANDARD = "gnu++20";
				CLANG_ENABLE_MODULES = YES;
				CLANG_ENABLE_OBJC_ARC = YES;
				CLANG_ENABLE_OBJC_WEAK = YES;
				CLANG_WARN_BLOCK_CAPTURE_AUTORELEASING = YES;
				CLANG_WARN_BOOL_CONVERSION = YES;
				CLANG_WARN_COMMA = YES;
				CLANG_WARN_CONSTANT_CONVERSION = YES;
				CLANG_WARN_DEPRECATED_OBJC_IMPLEMENTATIONS = YES;
				CLANG_WARN_DIRECT_OBJC_ISA_USAGE = YES_ERROR;
				CLANG_WARN_DOCUMENTATION_COMMENTS = YES;
				CLANG_WARN_EMPTY_BODY = YES;
				CLANG_WARN_ENUM_CONVERSION = YES;
				CLANG_WARN_INFINITE_RECURSION = YES;
				CLANG_WARN_INT_CONVERSION = YES;
				CLANG_WARN_NON_LITERAL_NULL_CONVERSION = YES;
				CLANG_WARN_OBJC_IMPLICIT_RETAIN_SELF = YES;
				CLANG_WARN_OBJC_LITERAL_CONVERSION = YES;
				CLANG_WARN_OBJC_ROOT_CLASS = YES_ERROR;
				CLANG_WARN_QUOTED_INCLUDE_IN_FRAMEWORK_HEADER = YES;
				CLANG_WARN_RANGE_LOOP_ANALYSIS = YES;
				CLANG_WARN_STRICT_PROTOTYPES = YES;
				CLANG_WARN_SUSPICIOUS_MOVE = YES;
				CLANG_WARN_UNGUARDED_AVAILABILITY = YES_AGGRESSIVE;
				CLANG_WARN_UNREACHABLE_CODE = YES;
				CLANG_WARN__DUPLICATE_METHOD_MATCH = YES;
				COPY_PHASE_STRIP = NO;
				DEBUG_INFORMATION_FORMAT = "dwarf-with-dsym";
				ENABLE_NS_ASSERTIONS = NO;
				ENABLE_STRICT_OBJC_MSGSEND = YES;
				ENABLE_USER_SCRIPT_SANDBOXING = YES;
				GCC_C_LANGUAGE_STANDARD = gnu17;
				GCC_NO_COMMON_BLOCKS = YES;
				GCC_WARN_64_TO_32_BIT_CONVERSION = YES;
				GCC_WARN_ABOUT_RETURN_TYPE = YES_ERROR;
				GCC_WARN_UNDECLARED_SELECTOR = YES;
				GCC_WARN_UNINITIALIZED_AUTOS = YES_AGGRESSIVE;
				GCC_WARN_UNUSED_FUNCTION = YES;
				GCC_WARN_UNUSED_VARIABLE = YES;
				IPHONEOS_DEPLOYMENT_TARGET = 18.2;
				LOCALIZATION_PREFERS_STRING_CATALOGS = YES;
				MTL_ENABLE_DEBUG_INFO = NO;
				MTL_FAST_MATH = YES;
				SDKROOT = iphoneos;
				SWIFT_COMPILATION_MODE = wholemodule;
				VALIDATE_PRODUCT = YES;
			};
			name = Release;
		};
		EA9E54802D8F97A3008E2C91 /* Debug */ = {
			isa = XCBuildConfiguration;
			buildSettings = {
				ASSETCATALOG_COMPILER_APPICON_NAME = AppIcon;
				ASSETCATALOG_COMPILER_GLOBAL_ACCENT_COLOR_NAME = AccentColor;
				CODE_SIGN_STYLE = Automatic;
				CURRENT_PROJECT_VERSION = 1;
				DEVELOPMENT_ASSET_PATHS = "\"Luminarily/Preview Content\"";
				ENABLE_PREVIEWS = YES;
				GENERATE_INFOPLIST_FILE = YES;
				INFOPLIST_KEY_UIApplicationSceneManifest_Generation = YES;
				INFOPLIST_KEY_UIApplicationSupportsIndirectInputEvents = YES;
				INFOPLIST_KEY_UILaunchScreen_Generation = YES;
				INFOPLIST_KEY_UISupportedInterfaceOrientations_iPad = "UIInterfaceOrientationPortrait UIInterfaceOrientationPortraitUpsideDown UIInterfaceOrientationLandscapeLeft UIInterfaceOrientationLandscapeRight";
				INFOPLIST_KEY_UISupportedInterfaceOrientations_iPhone = "UIInterfaceOrientationPortrait UIInterfaceOrientationLandscapeLeft UIInterfaceOrientationLandscapeRight";
				LD_RUNPATH_SEARCH_PATHS = (
					"$(inherited)",
					"@executable_path/Frameworks",
				);
				MARKETING_VERSION = 1.0;
				PRODUCT_BUNDLE_IDENTIFIER = dominicroser.Luminarily;
				PRODUCT_NAME = "$(TARGET_NAME)";
				SWIFT_EMIT_LOC_STRINGS = YES;
				SWIFT_VERSION = 5.0;
				TARGETED_DEVICE_FAMILY = "1,2";
			};
			name = Debug;
		};
		EA9E54812D8F97A3008E2C91 /* Release */ = {
			isa = XCBuildConfiguration;
			buildSettings = {
				ASSETCATALOG_COMPILER_APPICON_NAME = AppIcon;
				ASSETCATALOG_COMPILER_GLOBAL_ACCENT_COLOR_NAME = AccentColor;
				CODE_SIGN_STYLE = Automatic;
				CURRENT_PROJECT_VERSION = 1;
				DEVELOPMENT_ASSET_PATHS = "\"Luminarily/Preview Content\"";
				ENABLE_PREVIEWS = YES;
				GENERATE_INFOPLIST_FILE = YES;
				INFOPLIST_KEY_UIApplicationSceneManifest_Generation = YES;
				INFOPLIST_KEY_UIApplicationSupportsIndirectInputEvents = YES;
				INFOPLIST_KEY_UILaunchScreen_Generation = YES;
				INFOPLIST_KEY_UISupportedInterfaceOrientations_iPad = "UIInterfaceOrientationPortrait UIInterfaceOrientationPortraitUpsideDown UIInterfaceOrientationLandscapeLeft UIInterfaceOrientationLandscapeRight";
				INFOPLIST_KEY_UISupportedInterfaceOrientations_iPhone = "UIInterfaceOrientationPortrait UIInterfaceOrientationLandscapeLeft UIInterfaceOrientationLandscapeRight";
				LD_RUNPATH_SEARCH_PATHS = (
					"$(inherited)",
					"@executable_path/Frameworks",
				);
				MARKETING_VERSION = 1.0;
				PRODUCT_BUNDLE_IDENTIFIER = dominicroser.Luminarily;
				PRODUCT_NAME = "$(TARGET_NAME)";
				SWIFT_EMIT_LOC_STRINGS = YES;
				SWIFT_VERSION = 5.0;
				TARGETED_DEVICE_FAMILY = "1,2";
			};
			name = Release;
		};
		EA9E54832D8F97A3008E2C91 /* Debug */ = {
			isa = XCBuildConfiguration;
			buildSettings = {
				BUNDLE_LOADER = "$(TEST_HOST)";
				CODE_SIGN_STYLE = Automatic;
				CURRENT_PROJECT_VERSION = 1;
				GENERATE_INFOPLIST_FILE = YES;
				IPHONEOS_DEPLOYMENT_TARGET = 18.2;
				MARKETING_VERSION = 1.0;
				PRODUCT_BUNDLE_IDENTIFIER = dominicroser.LuminarilyTests;
				PRODUCT_NAME = "$(TARGET_NAME)";
				SWIFT_EMIT_LOC_STRINGS = NO;
				SWIFT_VERSION = 5.0;
				TARGETED_DEVICE_FAMILY = "1,2";
				TEST_HOST = "$(BUILT_PRODUCTS_DIR)/Luminarily.app/$(BUNDLE_EXECUTABLE_FOLDER_PATH)/Luminarily";
			};
			name = Debug;
		};
		EA9E54842D8F97A3008E2C91 /* Release */ = {
			isa = XCBuildConfiguration;
			buildSettings = {
				BUNDLE_LOADER = "$(TEST_HOST)";
				CODE_SIGN_STYLE = Automatic;
				CURRENT_PROJECT_VERSION = 1;
				GENERATE_INFOPLIST_FILE = YES;
				IPHONEOS_DEPLOYMENT_TARGET = 18.2;
				MARKETING_VERSION = 1.0;
				PRODUCT_BUNDLE_IDENTIFIER = dominicroser.LuminarilyTests;
				PRODUCT_NAME = "$(TARGET_NAME)";
				SWIFT_EMIT_LOC_STRINGS = NO;
				SWIFT_VERSION = 5.0;
				TARGETED_DEVICE_FAMILY = "1,2";
				TEST_HOST = "$(BUILT_PRODUCTS_DIR)/Luminarily.app/$(BUNDLE_EXECUTABLE_FOLDER_PATH)/Luminarily";
			};
			name = Release;
		};
		EA9E54862D8F97A3008E2C91 /* Debug */ = {
			isa = XCBuildConfiguration;
			buildSettings = {
				CODE_SIGN_STYLE = Automatic;
				CURRENT_PROJECT_VERSION = 1;
				GENERATE_INFOPLIST_FILE = YES;
				MARKETING_VERSION = 1.0;
				PRODUCT_BUNDLE_IDENTIFIER = dominicroser.LuminarilyUITests;
				PRODUCT_NAME = "$(TARGET_NAME)";
				SWIFT_EMIT_LOC_STRINGS = NO;
				SWIFT_VERSION = 5.0;
				TARGETED_DEVICE_FAMILY = "1,2";
				TEST_TARGET_NAME = Luminarily;
			};
			name = Debug;
		};
		EA9E54872D8F97A3008E2C91 /* Release */ = {
			isa = XCBuildConfiguration;
			buildSettings = {
				CODE_SIGN_STYLE = Automatic;
				CURRENT_PROJECT_VERSION = 1;
				GENERATE_INFOPLIST_FILE = YES;
				MARKETING_VERSION = 1.0;
				PRODUCT_BUNDLE_IDENTIFIER = dominicroser.LuminarilyUITests;
				PRODUCT_NAME = "$(TARGET_NAME)";
				SWIFT_EMIT_LOC_STRINGS = NO;
				SWIFT_VERSION = 5.0;
				TARGETED_DEVICE_FAMILY = "1,2";
				TEST_TARGET_NAME = Luminarily;
			};
			name = Release;
		};
/* End XCBuildConfiguration section */

/* Begin XCConfigurationList section */
		EA9E54562D8F97A2008E2C91 /* Build configuration list for PBXProject "Luminarily" */ = {
			isa = XCConfigurationList;
			buildConfigurations = (
				EA9E547D2D8F97A3008E2C91 /* Debug */,
				EA9E547E2D8F97A3008E2C91 /* Release */,
			);
			defaultConfigurationIsVisible = 0;
			defaultConfigurationName = Release;
		};
		EA9E547F2D8F97A3008E2C91 /* Build configuration list for PBXNativeTarget "Luminarily" */ = {
			isa = XCConfigurationList;
			buildConfigurations = (
				EA9E54802D8F97A3008E2C91 /* Debug */,
				EA9E54812D8F97A3008E2C91 /* Release */,
			);
			defaultConfigurationIsVisible = 0;
			defaultConfigurationName = Release;
		};
		EA9E54822D8F97A3008E2C91 /* Build configuration list for PBXNativeTarget "LuminarilyTests" */ = {
			isa = XCConfigurationList;
			buildConfigurations = (
				EA9E54832D8F97A3008E2C91 /* Debug */,
				EA9E54842D8F97A3008E2C91 /* Release */,
			);
			defaultConfigurationIsVisible = 0;
			defaultConfigurationName = Release;
		};
		EA9E54852D8F97A3008E2C91 /* Build configuration list for PBXNativeTarget "LuminarilyUITests" */ = {
			isa = XCConfigurationList;
			buildConfigurations = (
				EA9E54862D8F97A3008E2C91 /* Debug */,
				EA9E54872D8F97A3008E2C91 /* Release */,
			);
			defaultConfigurationIsVisible = 0;
			defaultConfigurationName = Release;
		};
/* End XCConfigurationList section */

/* Begin XCRemoteSwiftPackageReference section */
		EAF4064F2D8FB72900669CA0 /* XCRemoteSwiftPackageReference "amplify-ios" */ = {
			isa = XCRemoteSwiftPackageReference;
			repositoryURL = "https://github.com/aws-amplify/amplify-ios";
			requirement = {
				kind = upToNextMajorVersion;
				minimumVersion = 2.46.1;
			};
		};
/* End XCRemoteSwiftPackageReference section */

/* Begin XCSwiftPackageProductDependency section */
		EAF406502D8FB72900669CA0 /* AWSAPIPlugin */ = {
			isa = XCSwiftPackageProductDependency;
			package = EAF4064F2D8FB72900669CA0 /* XCRemoteSwiftPackageReference "amplify-ios" */;
			productName = AWSAPIPlugin;
		};
		EAF406522D8FB72900669CA0 /* AWSCloudWatchLoggingPlugin */ = {
			isa = XCSwiftPackageProductDependency;
			package = EAF4064F2D8FB72900669CA0 /* XCRemoteSwiftPackageReference "amplify-ios" */;
			productName = AWSCloudWatchLoggingPlugin;
		};
		EAF406542D8FB72900669CA0 /* AWSCognitoAuthPlugin */ = {
			isa = XCSwiftPackageProductDependency;
			package = EAF4064F2D8FB72900669CA0 /* XCRemoteSwiftPackageReference "amplify-ios" */;
			productName = AWSCognitoAuthPlugin;
		};
		EAF406562D8FB72900669CA0 /* AWSDataStorePlugin */ = {
			isa = XCSwiftPackageProductDependency;
			package = EAF4064F2D8FB72900669CA0 /* XCRemoteSwiftPackageReference "amplify-ios" */;
			productName = AWSDataStorePlugin;
		};
		EAF406582D8FB72900669CA0 /* AWSLocationGeoPlugin */ = {
			isa = XCSwiftPackageProductDependency;
			package = EAF4064F2D8FB72900669CA0 /* XCRemoteSwiftPackageReference "amplify-ios" */;
			productName = AWSLocationGeoPlugin;
		};
/* End XCSwiftPackageProductDependency section */
	};
	rootObject = EA9E54532D8F97A2008E2C91 /* Project object */;
}
